
Microsoft Visual Studio Solution File, Format Version 12.00
# Visual Studio Version 16
VisualStudioVersion = 16.0.30907.101
MinimumVisualStudioVersion = 10.0.40219.1
Project("{FAE04EC0-301F-11D3-BF4B-00C04F79EFBC}") = "PhoneDict", "PhoneDict\PhoneDict.csproj", "{2D939B99-C26A-41AC-B5FB-BA3C763C62C9}"
EndProject
Global
	GlobalSection(SolutionConfigurationPlatforms) = preSolution
		Debug|Any CPU = Debug|Any CPU
		Release|Any CPU = Release|Any CPU
	EndGlobalSection
	GlobalSection(ProjectConfigurationPlatforms) = postSolution
		{2D939B99-C26A-41AC-B5FB-BA3C763C62C9}.Debug|Any CPU.ActiveCfg = Debug|Any CPU
		{2D939B99-C26A-41AC-B5FB-BA3C763C62C9}.Debug|Any CPU.Build.0 = Debug|Any CPU
		{2D939B99-C26A-41AC-B5FB-BA3C763C62C9}.Release|Any CPU.ActiveCfg = Release|Any CPU
		{2D939B99-C26A-41AC-B5FB-BA3C763C62C9}.Release|Any CPU.Build.0 = Release|Any CPU
	EndGlobalSection
	GlobalSection(SolutionProperties) = preSolution
		HideSolutionNode = FALSE
	EndGlobalSection
	GlobalSection(ExtensibilityGlobals) = postSolution
		SolutionGuid = {AFA89CF6-DE88-49E3-8E3C-FE4817EDDD35}
	EndGlobalSection
EndGlobal
